
Microsoft Visual Studio Solution File, Format Version 12.00
# Visual Studio Version 17
VisualStudioVersion = 17.5.33627.172
MinimumVisualStudioVersion = 10.0.40219.1
Project("{9A19103F-16F7-4668-BE54-9A1E7A4F7556}") = "BusinessLogic", "src\BusinessLogic\BusinessLogic.csproj", "{82F19507-D35C-453F-B5D1-FC942C8DB8E5}"
EndProject
Project("{9A19103F-16F7-4668-BE54-9A1E7A4F7556}") = "DataAccess", "src\DataAccess\DataAccess.csproj", "{D89020A2-DBD5-448C-BA77-474358CCFC51}"
EndProject
Project("{9A19103F-16F7-4668-BE54-9A1E7A4F7556}") = "Models", "src\Models\Models.csproj", "{23193D6B-2A75-46CF-BF70-D01B0AB93416}"
EndProject
Project("{9A19103F-16F7-4668-BE54-9A1E7A4F7556}") = "Utilities", "src\Utilities\Utilities.csproj", "{6EF1E455-A3B7-47E6-9EF7-928A8948290D}"
EndProject
Project("{2150E333-8FDC-42A3-9474-1A3956D46DE8}") = "tests", "tests", "{213E0A1C-CAA1-4219-9E02-281D6CD4D8CB}"
EndProject
Project("{9A19103F-16F7-4668-BE54-9A1E7A4F7556}") = "Api.Tests", "tests\Api.Tests\Api.Tests.csproj", "{800C18DC-8F4D-4F7D-AED3-8ED2B86EAE5E}"
EndProject
Project("{9A19103F-16F7-4668-BE54-9A1E7A4F7556}") = "BusinessLogic.Tests", "tests\BusinessLogic.Tests\BusinessLogic.Tests.csproj", "{B38903A6-3CFD-4A48-9610-ACE17BD68288}"
EndProject
Project("{9A19103F-16F7-4668-BE54-9A1E7A4F7556}") = "DataAccess.Tests", "tests\DataAccess,Tests\DataAccess.Tests.csproj", "{CBC1F404-6C85-4665-97E4-75B8FD7A18BF}"
EndProject
Project("{9A19103F-16F7-4668-BE54-9A1E7A4F7556}") = "Models.Tests", "tests\Models.Tests\Models.Tests.csproj", "{BAA5046C-D503-48E9-AAF4-EBA4FECC95EE}"
EndProject
Project("{9A19103F-16F7-4668-BE54-9A1E7A4F7556}") = "Utilities.Tests", "tests\Utilities.Tests\Utilities.Tests.csproj", "{73FCD5A9-C659-49AD-A1A3-E87FA4E1DF67}"
EndProject
Project("{2150E333-8FDC-42A3-9474-1A3956D46DE8}") = "src", "src", "{BEE27F67-615E-4C69-9227-29D78E200F71}"
EndProject
Project("{FAE04EC0-301F-11D3-BF4B-00C04F79EFBC}") = "Api", "src\Api\Api.csproj", "{5906D482-6A67-4E08-926A-AD8E6E168989}"
EndProject
Global
	GlobalSection(SolutionConfigurationPlatforms) = preSolution
		Debug|Any CPU = Debug|Any CPU
		Release|Any CPU = Release|Any CPU
	EndGlobalSection
	GlobalSection(ProjectConfigurationPlatforms) = postSolution
		{82F19507-D35C-453F-B5D1-FC942C8DB8E5}.Debug|Any CPU.ActiveCfg = Debug|Any CPU
		{82F19507-D35C-453F-B5D1-FC942C8DB8E5}.Debug|Any CPU.Build.0 = Debug|Any CPU
		{82F19507-D35C-453F-B5D1-FC942C8DB8E5}.Release|Any CPU.ActiveCfg = Release|Any CPU
		{82F19507-D35C-453F-B5D1-FC942C8DB8E5}.Release|Any CPU.Build.0 = Release|Any CPU
		{D89020A2-DBD5-448C-BA77-474358CCFC51}.Debug|Any CPU.ActiveCfg = Debug|Any CPU
		{D89020A2-DBD5-448C-BA77-474358CCFC51}.Debug|Any CPU.Build.0 = Debug|Any CPU
		{D89020A2-DBD5-448C-BA77-474358CCFC51}.Release|Any CPU.ActiveCfg = Release|Any CPU
		{D89020A2-DBD5-448C-BA77-474358CCFC51}.Release|Any CPU.Build.0 = Release|Any CPU
		{23193D6B-2A75-46CF-BF70-D01B0AB93416}.Debug|Any CPU.ActiveCfg = Debug|Any CPU
		{23193D6B-2A75-46CF-BF70-D01B0AB93416}.Debug|Any CPU.Build.0 = Debug|Any CPU
		{23193D6B-2A75-46CF-BF70-D01B0AB93416}.Release|Any CPU.ActiveCfg = Release|Any CPU
		{23193D6B-2A75-46CF-BF70-D01B0AB93416}.Release|Any CPU.Build.0 = Release|Any CPU
		{6EF1E455-A3B7-47E6-9EF7-928A8948290D}.Debug|Any CPU.ActiveCfg = Debug|Any CPU
		{6EF1E455-A3B7-47E6-9EF7-928A8948290D}.Debug|Any CPU.Build.0 = Debug|Any CPU
		{6EF1E455-A3B7-47E6-9EF7-928A8948290D}.Release|Any CPU.ActiveCfg = Release|Any CPU
		{6EF1E455-A3B7-47E6-9EF7-928A8948290D}.Release|Any CPU.Build.0 = Release|Any CPU
		{800C18DC-8F4D-4F7D-AED3-8ED2B86EAE5E}.Debug|Any CPU.ActiveCfg = Debug|Any CPU
		{800C18DC-8F4D-4F7D-AED3-8ED2B86EAE5E}.Debug|Any CPU.Build.0 = Debug|Any CPU
		{800C18DC-8F4D-4F7D-AED3-8ED2B86EAE5E}.Release|Any CPU.ActiveCfg = Release|Any CPU
		{800C18DC-8F4D-4F7D-AED3-8ED2B86EAE5E}.Release|Any CPU.Build.0 = Release|Any CPU
		{B38903A6-3CFD-4A48-9610-ACE17BD68288}.Debug|Any CPU.ActiveCfg = Debug|Any CPU
		{B38903A6-3CFD-4A48-9610-ACE17BD68288}.Debug|Any CPU.Build.0 = Debug|Any CPU
		{B38903A6-3CFD-4A48-9610-ACE17BD68288}.Release|Any CPU.ActiveCfg = Release|Any CPU
		{B38903A6-3CFD-4A48-9610-ACE17BD68288}.Release|Any CPU.Build.0 = Release|Any CPU
		{CBC1F404-6C85-4665-97E4-75B8FD7A18BF}.Debug|Any CPU.ActiveCfg = Debug|Any CPU
		{CBC1F404-6C85-4665-97E4-75B8FD7A18BF}.Debug|Any CPU.Build.0 = Debug|Any CPU
		{CBC1F404-6C85-4665-97E4-75B8FD7A18BF}.Release|Any CPU.ActiveCfg = Release|Any CPU
		{CBC1F404-6C85-4665-97E4-75B8FD7A18BF}.Release|Any CPU.Build.0 = Release|Any CPU
		{BAA5046C-D503-48E9-AAF4-EBA4FECC95EE}.Debug|Any CPU.ActiveCfg = Debug|Any CPU
		{BAA5046C-D503-48E9-AAF4-EBA4FECC95EE}.Debug|Any CPU.Build.0 = Debug|Any CPU
		{BAA5046C-D503-48E9-AAF4-EBA4FECC95EE}.Release|Any CPU.ActiveCfg = Release|Any CPU
		{BAA5046C-D503-48E9-AAF4-EBA4FECC95EE}.Release|Any CPU.Build.0 = Release|Any CPU
		{73FCD5A9-C659-49AD-A1A3-E87FA4E1DF67}.Debug|Any CPU.ActiveCfg = Debug|Any CPU
		{73FCD5A9-C659-49AD-A1A3-E87FA4E1DF67}.Debug|Any CPU.Build.0 = Debug|Any CPU
		{73FCD5A9-C659-49AD-A1A3-E87FA4E1DF67}.Release|Any CPU.ActiveCfg = Release|Any CPU
		{73FCD5A9-C659-49AD-A1A3-E87FA4E1DF67}.Release|Any CPU.Build.0 = Release|Any CPU
		{5906D482-6A67-4E08-926A-AD8E6E168989}.Debug|Any CPU.ActiveCfg = Debug|Any CPU
		{5906D482-6A67-4E08-926A-AD8E6E168989}.Debug|Any CPU.Build.0 = Debug|Any CPU
		{5906D482-6A67-4E08-926A-AD8E6E168989}.Release|Any CPU.ActiveCfg = Release|Any CPU
		{5906D482-6A67-4E08-926A-AD8E6E168989}.Release|Any CPU.Build.0 = Release|Any CPU
	EndGlobalSection
	GlobalSection(SolutionProperties) = preSolution
		HideSolutionNode = FALSE
	EndGlobalSection
	GlobalSection(NestedProjects) = preSolution
		{82F19507-D35C-453F-B5D1-FC942C8DB8E5} = {BEE27F67-615E-4C69-9227-29D78E200F71}
		{D89020A2-DBD5-448C-BA77-474358CCFC51} = {BEE27F67-615E-4C69-9227-29D78E200F71}
		{23193D6B-2A75-46CF-BF70-D01B0AB93416} = {BEE27F67-615E-4C69-9227-29D78E200F71}
		{6EF1E455-A3B7-47E6-9EF7-928A8948290D} = {BEE27F67-615E-4C69-9227-29D78E200F71}
		{800C18DC-8F4D-4F7D-AED3-8ED2B86EAE5E} = {213E0A1C-CAA1-4219-9E02-281D6CD4D8CB}
		{B38903A6-3CFD-4A48-9610-ACE17BD68288} = {213E0A1C-CAA1-4219-9E02-281D6CD4D8CB}
		{CBC1F404-6C85-4665-97E4-75B8FD7A18BF} = {213E0A1C-CAA1-4219-9E02-281D6CD4D8CB}
		{BAA5046C-D503-48E9-AAF4-EBA4FECC95EE} = {213E0A1C-CAA1-4219-9E02-281D6CD4D8CB}
		{73FCD5A9-C659-49AD-A1A3-E87FA4E1DF67} = {213E0A1C-CAA1-4219-9E02-281D6CD4D8CB}
		{5906D482-6A67-4E08-926A-AD8E6E168989} = {BEE27F67-615E-4C69-9227-29D78E200F71}
	EndGlobalSection
	GlobalSection(ExtensibilityGlobals) = postSolution
		SolutionGuid = {68EC760E-F72A-4B2A-887E-56E950FDDDCC}
	EndGlobalSection
EndGlobal
